// !$*UTF8*$!
{
	archiveVersion = 1;
	classes = {
	};
	objectVersion = 55;
	objects = {

/* Begin PBXBuildFile section */
		B90664112844D211007B04A1 /* AppDelegate.swift in Sources */ = {isa = PBXBuildFile; fileRef = B90664102844D211007B04A1 /* AppDelegate.swift */; };
		B90664132844D211007B04A1 /* SceneDelegate.swift in Sources */ = {isa = PBXBuildFile; fileRef = B90664122844D211007B04A1 /* SceneDelegate.swift */; };
		B906641A2844D213007B04A1 /* Assets.xcassets in Resources */ = {isa = PBXBuildFile; fileRef = B90664192844D213007B04A1 /* Assets.xcassets */; };
		B90664282844D213007B04A1 /* SearchCityTests.swift in Sources */ = {isa = PBXBuildFile; fileRef = B90664272844D213007B04A1 /* SearchCityTests.swift */; };
		B90664322844D213007B04A1 /* SearchCityUITests.swift in Sources */ = {isa = PBXBuildFile; fileRef = B90664312844D213007B04A1 /* SearchCityUITests.swift */; };
		B90664342844D213007B04A1 /* SearchCityUITestsLaunchTests.swift in Sources */ = {isa = PBXBuildFile; fileRef = B90664332844D213007B04A1 /* SearchCityUITestsLaunchTests.swift */; };
		B90664432844D283007B04A1 /* LaunchScreenViewController.swift in Sources */ = {isa = PBXBuildFile; fileRef = B90664422844D283007B04A1 /* LaunchScreenViewController.swift */; };
		B90664522844D699007B04A1 /* CityModel.swift in Sources */ = {isa = PBXBuildFile; fileRef = B90664512844D699007B04A1 /* CityModel.swift */; };
		B90664542844D741007B04A1 /* cities.json in Resources */ = {isa = PBXBuildFile; fileRef = B90664532844D741007B04A1 /* cities.json */; };
		B90664582844D9D5007B04A1 /* AutoComplete.swift in Sources */ = {isa = PBXBuildFile; fileRef = B90664572844D9D5007B04A1 /* AutoComplete.swift */; };
		B90664612844DB9F007B04A1 /* CitySearchViewModel.swift in Sources */ = {isa = PBXBuildFile; fileRef = B906645C2844DB9F007B04A1 /* CitySearchViewModel.swift */; };
		B90664622844DB9F007B04A1 /* CitySearchViewCoordinator.swift in Sources */ = {isa = PBXBuildFile; fileRef = B906645E2844DB9F007B04A1 /* CitySearchViewCoordinator.swift */; };
		B90664632844DB9F007B04A1 /* CitySearchViewController.swift in Sources */ = {isa = PBXBuildFile; fileRef = B90664602844DB9F007B04A1 /* CitySearchViewController.swift */; };
		B90664652844DC52007B04A1 /* Main.storyboard in Resources */ = {isa = PBXBuildFile; fileRef = B90664642844DC52007B04A1 /* Main.storyboard */; };
		B90664702844DD2C007B04A1 /* UIView+NibRepresentable.swift in Sources */ = {isa = PBXBuildFile; fileRef = B906646A2844DD2C007B04A1 /* UIView+NibRepresentable.swift */; };
		B90664722844DD2C007B04A1 /* Coordinator.swift in Sources */ = {isa = PBXBuildFile; fileRef = B906646E2844DD2C007B04A1 /* Coordinator.swift */; };
/* End PBXBuildFile section */

/* Begin PBXContainerItemProxy section */
		B90664242844D213007B04A1 /* PBXContainerItemProxy */ = {
			isa = PBXContainerItemProxy;
			containerPortal = B90664052844D211007B04A1 /* Project object */;
			proxyType = 1;
			remoteGlobalIDString = B906640C2844D211007B04A1;
			remoteInfo = SearchCity;
		};
		B906642E2844D213007B04A1 /* PBXContainerItemProxy */ = {
			isa = PBXContainerItemProxy;
			containerPortal = B90664052844D211007B04A1 /* Project object */;
			proxyType = 1;
			remoteGlobalIDString = B906640C2844D211007B04A1;
			remoteInfo = SearchCity;
		};
/* End PBXContainerItemProxy section */

/* Begin PBXFileReference section */
		B906640D2844D211007B04A1 /* SearchCity.app */ = {isa = PBXFileReference; explicitFileType = wrapper.application; includeInIndex = 0; path = SearchCity.app; sourceTree = BUILT_PRODUCTS_DIR; };
		B90664102844D211007B04A1 /* AppDelegate.swift */ = {isa = PBXFileReference; lastKnownFileType = sourcecode.swift; path = AppDelegate.swift; sourceTree = "<group>"; };
		B90664122844D211007B04A1 /* SceneDelegate.swift */ = {isa = PBXFileReference; lastKnownFileType = sourcecode.swift; path = SceneDelegate.swift; sourceTree = "<group>"; };
		B90664192844D213007B04A1 /* Assets.xcassets */ = {isa = PBXFileReference; lastKnownFileType = folder.assetcatalog; path = Assets.xcassets; sourceTree = "<group>"; };
		B906641E2844D213007B04A1 /* Info.plist */ = {isa = PBXFileReference; lastKnownFileType = text.plist.xml; path = Info.plist; sourceTree = "<group>"; };
		B90664232844D213007B04A1 /* SearchCityTests.xctest */ = {isa = PBXFileReference; explicitFileType = wrapper.cfbundle; includeInIndex = 0; path = SearchCityTests.xctest; sourceTree = BUILT_PRODUCTS_DIR; };
		B90664272844D213007B04A1 /* SearchCityTests.swift */ = {isa = PBXFileReference; lastKnownFileType = sourcecode.swift; path = SearchCityTests.swift; sourceTree = "<group>"; };
		B906642D2844D213007B04A1 /* SearchCityUITests.xctest */ = {isa = PBXFileReference; explicitFileType = wrapper.cfbundle; includeInIndex = 0; path = SearchCityUITests.xctest; sourceTree = BUILT_PRODUCTS_DIR; };
		B90664312844D213007B04A1 /* SearchCityUITests.swift */ = {isa = PBXFileReference; lastKnownFileType = sourcecode.swift; path = SearchCityUITests.swift; sourceTree = "<group>"; };
		B90664332844D213007B04A1 /* SearchCityUITestsLaunchTests.swift */ = {isa = PBXFileReference; lastKnownFileType = sourcecode.swift; path = SearchCityUITestsLaunchTests.swift; sourceTree = "<group>"; };
		B90664422844D283007B04A1 /* LaunchScreenViewController.swift */ = {isa = PBXFileReference; lastKnownFileType = sourcecode.swift; path = LaunchScreenViewController.swift; sourceTree = "<group>"; };
		B90664512844D699007B04A1 /* CityModel.swift */ = {isa = PBXFileReference; lastKnownFileType = sourcecode.swift; path = CityModel.swift; sourceTree = "<group>"; };
		B90664532844D741007B04A1 /* cities.json */ = {isa = PBXFileReference; fileEncoding = 4; lastKnownFileType = text.json; path = cities.json; sourceTree = "<group>"; };
		B90664572844D9D5007B04A1 /* AutoComplete.swift */ = {isa = PBXFileReference; lastKnownFileType = sourcecode.swift; path = AutoComplete.swift; sourceTree = "<group>"; };
		B906645C2844DB9F007B04A1 /* CitySearchViewModel.swift */ = {isa = PBXFileReference; fileEncoding = 4; lastKnownFileType = sourcecode.swift; path = CitySearchViewModel.swift; sourceTree = "<group>"; };
		B906645E2844DB9F007B04A1 /* CitySearchViewCoordinator.swift */ = {isa = PBXFileReference; fileEncoding = 4; lastKnownFileType = sourcecode.swift; path = CitySearchViewCoordinator.swift; sourceTree = "<group>"; };
		B90664602844DB9F007B04A1 /* CitySearchViewController.swift */ = {isa = PBXFileReference; fileEncoding = 4; lastKnownFileType = sourcecode.swift; path = CitySearchViewController.swift; sourceTree = "<group>"; };
		B90664642844DC52007B04A1 /* Main.storyboard */ = {isa = PBXFileReference; lastKnownFileType = file.storyboard; path = Main.storyboard; sourceTree = "<group>"; };
		B906646A2844DD2C007B04A1 /* UIView+NibRepresentable.swift */ = {isa = PBXFileReference; fileEncoding = 4; lastKnownFileType = sourcecode.swift; path = "UIView+NibRepresentable.swift"; sourceTree = "<group>"; };
		B906646E2844DD2C007B04A1 /* Coordinator.swift */ = {isa = PBXFileReference; fileEncoding = 4; lastKnownFileType = sourcecode.swift; path = Coordinator.swift; sourceTree = "<group>"; };
/* End PBXFileReference section */

/* Begin PBXFrameworksBuildPhase section */
		B906640A2844D211007B04A1 /* Frameworks */ = {
			isa = PBXFrameworksBuildPhase;
			buildActionMask = 2147483647;
			files = (
			);
			runOnlyForDeploymentPostprocessing = 0;
		};
		B90664202844D213007B04A1 /* Frameworks */ = {
			isa = PBXFrameworksBuildPhase;
			buildActionMask = 2147483647;
			files = (
			);
			runOnlyForDeploymentPostprocessing = 0;
		};
		B906642A2844D213007B04A1 /* Frameworks */ = {
			isa = PBXFrameworksBuildPhase;
			buildActionMask = 2147483647;
			files = (
			);
			runOnlyForDeploymentPostprocessing = 0;
		};
/* End PBXFrameworksBuildPhase section */

/* Begin PBXGroup section */
		B90664042844D211007B04A1 = {
			isa = PBXGroup;
			children = (
				B906640F2844D211007B04A1 /* SearchCity */,
				B90664262844D213007B04A1 /* SearchCityTests */,
				B90664302844D213007B04A1 /* SearchCityUITests */,
				B906640E2844D211007B04A1 /* Products */,
			);
			sourceTree = "<group>";
		};
		B906640E2844D211007B04A1 /* Products */ = {
			isa = PBXGroup;
			children = (
				B906640D2844D211007B04A1 /* SearchCity.app */,
				B90664232844D213007B04A1 /* SearchCityTests.xctest */,
				B906642D2844D213007B04A1 /* SearchCityUITests.xctest */,
			);
			name = Products;
			sourceTree = "<group>";
		};
		B906640F2844D211007B04A1 /* SearchCity */ = {
			isa = PBXGroup;
			children = (
				B90664402844D259007B04A1 /* Application */,
				B90664562844D9C3007B04A1 /* AutoComplete */,
				B90664502844D687007B04A1 /* Models */,
				B90664412844D267007B04A1 /* LaunchScreen */,
				B90664592844DB9F007B04A1 /* Controllers */,
				B90664662844DCE8007B04A1 /* Shared */,
				B90664552844D7C3007B04A1 /* Resources */,
				B906641E2844D213007B04A1 /* Info.plist */,
			);
			path = SearchCity;
			sourceTree = "<group>";
		};
		B90664262844D213007B04A1 /* SearchCityTests */ = {
			isa = PBXGroup;
			children = (
				B90664272844D213007B04A1 /* SearchCityTests.swift */,
			);
			path = SearchCityTests;
			sourceTree = "<group>";
		};
		B90664302844D213007B04A1 /* SearchCityUITests */ = {
			isa = PBXGroup;
			children = (
				B90664312844D213007B04A1 /* SearchCityUITests.swift */,
				B90664332844D213007B04A1 /* SearchCityUITestsLaunchTests.swift */,
			);
			path = SearchCityUITests;
			sourceTree = "<group>";
		};
		B90664402844D259007B04A1 /* Application */ = {
			isa = PBXGroup;
			children = (
				B90664102844D211007B04A1 /* AppDelegate.swift */,
				B90664122844D211007B04A1 /* SceneDelegate.swift */,
			);
			path = Application;
			sourceTree = "<group>";
		};
		B90664412844D267007B04A1 /* LaunchScreen */ = {
			isa = PBXGroup;
			children = (
				B90664422844D283007B04A1 /* LaunchScreenViewController.swift */,
			);
			path = LaunchScreen;
			sourceTree = "<group>";
		};
		B90664502844D687007B04A1 /* Models */ = {
			isa = PBXGroup;
			children = (
				B90664512844D699007B04A1 /* CityModel.swift */,
			);
			path = Models;
			sourceTree = "<group>";
		};
		B90664552844D7C3007B04A1 /* Resources */ = {
			isa = PBXGroup;
			children = (
				B90664192844D213007B04A1 /* Assets.xcassets */,
				B90664532844D741007B04A1 /* cities.json */,
				B90664642844DC52007B04A1 /* Main.storyboard */,
			);
			path = Resources;
			sourceTree = "<group>";
		};
		B90664562844D9C3007B04A1 /* AutoComplete */ = {
			isa = PBXGroup;
			children = (
				B90664572844D9D5007B04A1 /* AutoComplete.swift */,
			);
			path = AutoComplete;
			sourceTree = "<group>";
		};
		B90664592844DB9F007B04A1 /* Controllers */ = {
			isa = PBXGroup;
			children = (
				B906645A2844DB9F007B04A1 /* Home */,
			);
			path = Controllers;
			sourceTree = "<group>";
		};
		B906645A2844DB9F007B04A1 /* Home */ = {
			isa = PBXGroup;
			children = (
				B906645B2844DB9F007B04A1 /* ViewModel */,
				B906645D2844DB9F007B04A1 /* Coordinator */,
				B906645F2844DB9F007B04A1 /* View */,
			);
			path = Home;
			sourceTree = "<group>";
		};
		B906645B2844DB9F007B04A1 /* ViewModel */ = {
			isa = PBXGroup;
			children = (
				B906645C2844DB9F007B04A1 /* CitySearchViewModel.swift */,
			);
			path = ViewModel;
			sourceTree = "<group>";
		};
		B906645D2844DB9F007B04A1 /* Coordinator */ = {
			isa = PBXGroup;
			children = (
				B906645E2844DB9F007B04A1 /* CitySearchViewCoordinator.swift */,
			);
			path = Coordinator;
			sourceTree = "<group>";
		};
		B906645F2844DB9F007B04A1 /* View */ = {
			isa = PBXGroup;
			children = (
				B90664602844DB9F007B04A1 /* CitySearchViewController.swift */,
			);
			path = View;
			sourceTree = "<group>";
		};
		B90664662844DCE8007B04A1 /* Shared */ = {
			isa = PBXGroup;
			children = (
				B90664672844DD2C007B04A1 /* Extension */,
				B906646C2844DD2C007B04A1 /* Protocol */,
			);
			path = Shared;
			sourceTree = "<group>";
		};
		B90664672844DD2C007B04A1 /* Extension */ = {
			isa = PBXGroup;
			children = (
				B90664682844DD2C007B04A1 /* UIKit */,
			);
			path = Extension;
			sourceTree = "<group>";
		};
		B90664682844DD2C007B04A1 /* UIKit */ = {
			isa = PBXGroup;
			children = (
				B906646A2844DD2C007B04A1 /* UIView+NibRepresentable.swift */,
			);
			path = UIKit;
			sourceTree = "<group>";
		};
		B906646C2844DD2C007B04A1 /* Protocol */ = {
			isa = PBXGroup;
			children = (
				B906646D2844DD2C007B04A1 /* Coordinator */,
			);
			path = Protocol;
			sourceTree = "<group>";
		};
		B906646D2844DD2C007B04A1 /* Coordinator */ = {
			isa = PBXGroup;
			children = (
				B906646E2844DD2C007B04A1 /* Coordinator.swift */,
			);
			path = Coordinator;
			sourceTree = "<group>";
		};
/* End PBXGroup section */

/* Begin PBXNativeTarget section */
		B906640C2844D211007B04A1 /* SearchCity */ = {
			isa = PBXNativeTarget;
			buildConfigurationList = B90664372844D213007B04A1 /* Build configuration list for PBXNativeTarget "SearchCity" */;
			buildPhases = (
				B90664092844D211007B04A1 /* Sources */,
				B906640A2844D211007B04A1 /* Frameworks */,
				B906640B2844D211007B04A1 /* Resources */,
			);
			buildRules = (
			);
			dependencies = (
			);
			name = SearchCity;
			productName = SearchCity;
			productReference = B906640D2844D211007B04A1 /* SearchCity.app */;
			productType = "com.apple.product-type.application";
		};
		B90664222844D213007B04A1 /* SearchCityTests */ = {
			isa = PBXNativeTarget;
			buildConfigurationList = B906643A2844D213007B04A1 /* Build configuration list for PBXNativeTarget "SearchCityTests" */;
			buildPhases = (
				B906641F2844D213007B04A1 /* Sources */,
				B90664202844D213007B04A1 /* Frameworks */,
				B90664212844D213007B04A1 /* Resources */,
			);
			buildRules = (
			);
			dependencies = (
				B90664252844D213007B04A1 /* PBXTargetDependency */,
			);
			name = SearchCityTests;
			productName = SearchCityTests;
			productReference = B90664232844D213007B04A1 /* SearchCityTests.xctest */;
			productType = "com.apple.product-type.bundle.unit-test";
		};
		B906642C2844D213007B04A1 /* SearchCityUITests */ = {
			isa = PBXNativeTarget;
			buildConfigurationList = B906643D2844D213007B04A1 /* Build configuration list for PBXNativeTarget "SearchCityUITests" */;
			buildPhases = (
				B90664292844D213007B04A1 /* Sources */,
				B906642A2844D213007B04A1 /* Frameworks */,
				B906642B2844D213007B04A1 /* Resources */,
			);
			buildRules = (
			);
			dependencies = (
				B906642F2844D213007B04A1 /* PBXTargetDependency */,
			);
			name = SearchCityUITests;
			productName = SearchCityUITests;
			productReference = B906642D2844D213007B04A1 /* SearchCityUITests.xctest */;
			productType = "com.apple.product-type.bundle.ui-testing";
		};
/* End PBXNativeTarget section */

/* Begin PBXProject section */
		B90664052844D211007B04A1 /* Project object */ = {
			isa = PBXProject;
			attributes = {
				BuildIndependentTargetsInParallel = 1;
				LastSwiftUpdateCheck = 1320;
				LastUpgradeCheck = 1320;
				TargetAttributes = {
					B906640C2844D211007B04A1 = {
						CreatedOnToolsVersion = 13.2.1;
					};
					B90664222844D213007B04A1 = {
						CreatedOnToolsVersion = 13.2.1;
						TestTargetID = B906640C2844D211007B04A1;
					};
					B906642C2844D213007B04A1 = {
						CreatedOnToolsVersion = 13.2.1;
						TestTargetID = B906640C2844D211007B04A1;
					};
				};
			};
			buildConfigurationList = B90664082844D211007B04A1 /* Build configuration list for PBXProject "SearchCity" */;
			compatibilityVersion = "Xcode 13.0";
			developmentRegion = en;
			hasScannedForEncodings = 0;
			knownRegions = (
				en,
				Base,
			);
			mainGroup = B90664042844D211007B04A1;
			productRefGroup = B906640E2844D211007B04A1 /* Products */;
			projectDirPath = "";
			projectRoot = "";
			targets = (
				B906640C2844D211007B04A1 /* SearchCity */,
				B90664222844D213007B04A1 /* SearchCityTests */,
				B906642C2844D213007B04A1 /* SearchCityUITests */,
			);
		};
/* End PBXProject section */

/* Begin PBXResourcesBuildPhase section */
		B906640B2844D211007B04A1 /* Resources */ = {
			isa = PBXResourcesBuildPhase;
			buildActionMask = 2147483647;
			files = (
				B90664652844DC52007B04A1 /* Main.storyboard in Resources */,
				B90664542844D741007B04A1 /* cities.json in Resources */,
				B906641A2844D213007B04A1 /* Assets.xcassets in Resources */,
			);
			runOnlyForDeploymentPostprocessing = 0;
		};
		B90664212844D213007B04A1 /* Resources */ = {
			isa = PBXResourcesBuildPhase;
			buildActionMask = 2147483647;
			files = (
			);
			runOnlyForDeploymentPostprocessing = 0;
		};
		B906642B2844D213007B04A1 /* Resources */ = {
			isa = PBXResourcesBuildPhase;
			buildActionMask = 2147483647;
			files = (
			);
			runOnlyForDeploymentPostprocessing = 0;
		};
/* End PBXResourcesBuildPhase section */

/* Begin PBXSourcesBuildPhase section */
		B90664092844D211007B04A1 /* Sources */ = {
			isa = PBXSourcesBuildPhase;
			buildActionMask = 2147483647;
			files = (
				B90664702844DD2C007B04A1 /* UIView+NibRepresentable.swift in Sources */,
				B90664582844D9D5007B04A1 /* AutoComplete.swift in Sources */,
				B90664522844D699007B04A1 /* CityModel.swift in Sources */,
				B90664112844D211007B04A1 /* AppDelegate.swift in Sources */,
				B90664432844D283007B04A1 /* LaunchScreenViewController.swift in Sources */,
				B90664132844D211007B04A1 /* SceneDelegate.swift in Sources */,
				B90664722844DD2C007B04A1 /* Coordinator.swift in Sources */,
				B90664612844DB9F007B04A1 /* CitySearchViewModel.swift in Sources */,
				B90664622844DB9F007B04A1 /* CitySearchViewCoordinator.swift in Sources */,
				B90664632844DB9F007B04A1 /* CitySearchViewController.swift in Sources */,
			);
			runOnlyForDeploymentPostprocessing = 0;
		};
		B906641F2844D213007B04A1 /* Sources */ = {
			isa = PBXSourcesBuildPhase;
			buildActionMask = 2147483647;
			files = (
				B90664282844D213007B04A1 /* SearchCityTests.swift in Sources */,
			);
			runOnlyForDeploymentPostprocessing = 0;
		};
		B90664292844D213007B04A1 /* Sources */ = {
			isa = PBXSourcesBuildPhase;
			buildActionMask = 2147483647;
			files = (
				B90664322844D213007B04A1 /* SearchCityUITests.swift in Sources */,
				B90664342844D213007B04A1 /* SearchCityUITestsLaunchTests.swift in Sources */,
			);
			runOnlyForDeploymentPostprocessing = 0;
		};
/* End PBXSourcesBuildPhase section */

/* Begin PBXTargetDependency section */
		B90664252844D213007B04A1 /* PBXTargetDependency */ = {
			isa = PBXTargetDependency;
			target = B906640C2844D211007B04A1 /* SearchCity */;
			targetProxy = B90664242844D213007B04A1 /* PBXContainerItemProxy */;
		};
		B906642F2844D213007B04A1 /* PBXTargetDependency */ = {
			isa = PBXTargetDependency;
			target = B906640C2844D211007B04A1 /* SearchCity */;
			targetProxy = B906642E2844D213007B04A1 /* PBXContainerItemProxy */;
		};
/* End PBXTargetDependency section */

/* Begin XCBuildConfiguration section */
		B90664352844D213007B04A1 /* Debug */ = {
			isa = XCBuildConfiguration;
			buildSettings = {
				ALWAYS_SEARCH_USER_PATHS = NO;
				CLANG_ANALYZER_NONNULL = YES;
				CLANG_ANALYZER_NUMBER_OBJECT_CONVERSION = YES_AGGRESSIVE;
				CLANG_CXX_LANGUAGE_STANDARD = "gnu++17";
				CLANG_CXX_LIBRARY = "libc++";
				CLANG_ENABLE_MODULES = YES;
				CLANG_ENABLE_OBJC_ARC = YES;
				CLANG_ENABLE_OBJC_WEAK = YES;
				CLANG_WARN_BLOCK_CAPTURE_AUTORELEASING = YES;
				CLANG_WARN_BOOL_CONVERSION = YES;
				CLANG_WARN_COMMA = YES;
				CLANG_WARN_CONSTANT_CONVERSION = YES;
				CLANG_WARN_DEPRECATED_OBJC_IMPLEMENTATIONS = YES;
				CLANG_WARN_DIRECT_OBJC_ISA_USAGE = YES_ERROR;
				CLANG_WARN_DOCUMENTATION_COMMENTS = YES;
				CLANG_WARN_EMPTY_BODY = YES;
				CLANG_WARN_ENUM_CONVERSION = YES;
				CLANG_WARN_INFINITE_RECURSION = YES;
				CLANG_WARN_INT_CONVERSION = YES;
				CLANG_WARN_NON_LITERAL_NULL_CONVERSION = YES;
				CLANG_WARN_OBJC_IMPLICIT_RETAIN_SELF = YES;
				CLANG_WARN_OBJC_LITERAL_CONVERSION = YES;
				CLANG_WARN_OBJC_ROOT_CLASS = YES_ERROR;
				CLANG_WARN_QUOTED_INCLUDE_IN_FRAMEWORK_HEADER = YES;
				CLANG_WARN_RANGE_LOOP_ANALYSIS = YES;
				CLANG_WARN_STRICT_PROTOTYPES = YES;
				CLANG_WARN_SUSPICIOUS_MOVE = YES;
				CLANG_WARN_UNGUARDED_AVAILABILITY = YES_AGGRESSIVE;
				CLANG_WARN_UNREACHABLE_CODE = YES;
				CLANG_WARN__DUPLICATE_METHOD_MATCH = YES;
				COPY_PHASE_STRIP = NO;
				DEBUG_INFORMATION_FORMAT = dwarf;
				ENABLE_STRICT_OBJC_MSGSEND = YES;
				ENABLE_TESTABILITY = YES;
				GCC_C_LANGUAGE_STANDARD = gnu11;
				GCC_DYNAMIC_NO_PIC = NO;
				GCC_NO_COMMON_BLOCKS = YES;
				GCC_OPTIMIZATION_LEVEL = 0;
				GCC_PREPROCESSOR_DEFINITIONS = (
					"DEBUG=1",
					"$(inherited)",
				);
				GCC_WARN_64_TO_32_BIT_CONVERSION = YES;
				GCC_WARN_ABOUT_RETURN_TYPE = YES_ERROR;
				GCC_WARN_UNDECLARED_SELECTOR = YES;
				GCC_WARN_UNINITIALIZED_AUTOS = YES_AGGRESSIVE;
				GCC_WARN_UNUSED_FUNCTION = YES;
				GCC_WARN_UNUSED_VARIABLE = YES;
				IPHONEOS_DEPLOYMENT_TARGET = 15.2;
				MTL_ENABLE_DEBUG_INFO = INCLUDE_SOURCE;
				MTL_FAST_MATH = YES;
				ONLY_ACTIVE_ARCH = YES;
				SDKROOT = iphoneos;
				SWIFT_ACTIVE_COMPILATION_CONDITIONS = DEBUG;
				SWIFT_OPTIMIZATION_LEVEL = "-Onone";
			};
			name = Debug;
		};
		B90664362844D213007B04A1 /* Release */ = {
			isa = XCBuildConfiguration;
			buildSettings = {
				ALWAYS_SEARCH_USER_PATHS = NO;
				CLANG_ANALYZER_NONNULL = YES;
				CLANG_ANALYZER_NUMBER_OBJECT_CONVERSION = YES_AGGRESSIVE;
				CLANG_CXX_LANGUAGE_STANDARD = "gnu++17";
				CLANG_CXX_LIBRARY = "libc++";
				CLANG_ENABLE_MODULES = YES;
				CLANG_ENABLE_OBJC_ARC = YES;
				CLANG_ENABLE_OBJC_WEAK = YES;
				CLANG_WARN_BLOCK_CAPTURE_AUTORELEASING = YES;
				CLANG_WARN_BOOL_CONVERSION = YES;
				CLANG_WARN_COMMA = YES;
				CLANG_WARN_CONSTANT_CONVERSION = YES;
				CLANG_WARN_DEPRECATED_OBJC_IMPLEMENTATIONS = YES;
				CLANG_WARN_DIRECT_OBJC_ISA_USAGE = YES_ERROR;
				CLANG_WARN_DOCUMENTATION_COMMENTS = YES;
				CLANG_WARN_EMPTY_BODY = YES;
				CLANG_WARN_ENUM_CONVERSION = YES;
				CLANG_WARN_INFINITE_RECURSION = YES;
				CLANG_WARN_INT_CONVERSION = YES;
				CLANG_WARN_NON_LITERAL_NULL_CONVERSION = YES;
				CLANG_WARN_OBJC_IMPLICIT_RETAIN_SELF = YES;
				CLANG_WARN_OBJC_LITERAL_CONVERSION = YES;
				CLANG_WARN_OBJC_ROOT_CLASS = YES_ERROR;
				CLANG_WARN_QUOTED_INCLUDE_IN_FRAMEWORK_HEADER = YES;
				CLANG_WARN_RANGE_LOOP_ANALYSIS = YES;
				CLANG_WARN_STRICT_PROTOTYPES = YES;
				CLANG_WARN_SUSPICIOUS_MOVE = YES;
				CLANG_WARN_UNGUARDED_AVAILABILITY = YES_AGGRESSIVE;
				CLANG_WARN_UNREACHABLE_CODE = YES;
				CLANG_WARN__DUPLICATE_METHOD_MATCH = YES;
				COPY_PHASE_STRIP = NO;
				DEBUG_INFORMATION_FORMAT = "dwarf-with-dsym";
				ENABLE_NS_ASSERTIONS = NO;
				ENABLE_STRICT_OBJC_MSGSEND = YES;
				GCC_C_LANGUAGE_STANDARD = gnu11;
				GCC_NO_COMMON_BLOCKS = YES;
				GCC_WARN_64_TO_32_BIT_CONVERSION = YES;
				GCC_WARN_ABOUT_RETURN_TYPE = YES_ERROR;
				GCC_WARN_UNDECLARED_SELECTOR = YES;
				GCC_WARN_UNINITIALIZED_AUTOS = YES_AGGRESSIVE;
				GCC_WARN_UNUSED_FUNCTION = YES;
				GCC_WARN_UNUSED_VARIABLE = YES;
				IPHONEOS_DEPLOYMENT_TARGET = 15.2;
				MTL_ENABLE_DEBUG_INFO = NO;
				MTL_FAST_MATH = YES;
				SDKROOT = iphoneos;
				SWIFT_COMPILATION_MODE = wholemodule;
				SWIFT_OPTIMIZATION_LEVEL = "-O";
				VALIDATE_PRODUCT = YES;
			};
			name = Release;
		};
		B90664382844D213007B04A1 /* Debug */ = {
			isa = XCBuildConfiguration;
			buildSettings = {
				ASSETCATALOG_COMPILER_APPICON_NAME = AppIcon;
				ASSETCATALOG_COMPILER_GLOBAL_ACCENT_COLOR_NAME = AccentColor;
				CODE_SIGN_STYLE = Automatic;
				CURRENT_PROJECT_VERSION = 1;
				GENERATE_INFOPLIST_FILE = YES;
				INFOPLIST_FILE = SearchCity/Info.plist;
				INFOPLIST_KEY_UIApplicationSupportsIndirectInputEvents = YES;
				INFOPLIST_KEY_UILaunchStoryboardName = Main;
				INFOPLIST_KEY_UISupportedInterfaceOrientations_iPad = "UIInterfaceOrientationPortrait UIInterfaceOrientationPortraitUpsideDown UIInterfaceOrientationLandscapeLeft UIInterfaceOrientationLandscapeRight";
				INFOPLIST_KEY_UISupportedInterfaceOrientations_iPhone = "UIInterfaceOrientationPortrait UIInterfaceOrientationLandscapeLeft UIInterfaceOrientationLandscapeRight";
				IPHONEOS_DEPLOYMENT_TARGET = 13.0;
				LD_RUNPATH_SEARCH_PATHS = (
					"$(inherited)",
					"@executable_path/Frameworks",
				);
				MARKETING_VERSION = 1.0;
				PRODUCT_BUNDLE_IDENTIFIER = UITestSampleIdentifier.SearchCity;
				PRODUCT_NAME = "$(TARGET_NAME)";
				SWIFT_EMIT_LOC_STRINGS = YES;
				SWIFT_VERSION = 5.0;
				TARGETED_DEVICE_FAMILY = "1,2";
			};
			name = Debug;
		};
		B90664392844D213007B04A1 /* Release */ = {
			isa = XCBuildConfiguration;
			buildSettings = {
				ASSETCATALOG_COMPILER_APPICON_NAME = AppIcon;
				ASSETCATALOG_COMPILER_GLOBAL_ACCENT_COLOR_NAME = AccentColor;
				CODE_SIGN_STYLE = Automatic;
				CURRENT_PROJECT_VERSION = 1;
				GENERATE_INFOPLIST_FILE = YES;
				INFOPLIST_FILE = SearchCity/Info.plist;
				INFOPLIST_KEY_UIApplicationSupportsIndirectInputEvents = YES;
				INFOPLIST_KEY_UILaunchStoryboardName = Main;
				INFOPLIST_KEY_UISupportedInterfaceOrientations_iPad = "UIInterfaceOrientationPortrait UIInterfaceOrientationPortraitUpsideDown UIInterfaceOrientationLandscapeLeft UIInterfaceOrientationLandscapeRight";
				INFOPLIST_KEY_UISupportedInterfaceOrientations_iPhone = "UIInterfaceOrientationPortrait UIInterfaceOrientationLandscapeLeft UIInterfaceOrientationLandscapeRight";
				IPHONEOS_DEPLOYMENT_TARGET = 13.0;
				LD_RUNPATH_SEARCH_PATHS = (
					"$(inherited)",
					"@executable_path/Frameworks",
				);
				MARKETING_VERSION = 1.0;
				PRODUCT_BUNDLE_IDENTIFIER = UITestSampleIdentifier.SearchCity;
				PRODUCT_NAME = "$(TARGET_NAME)";
				SWIFT_EMIT_LOC_STRINGS = YES;
				SWIFT_VERSION = 5.0;
				TARGETED_DEVICE_FAMILY = "1,2";
			};
			name = Release;
		};
		B906643B2844D213007B04A1 /* Debug */ = {
			isa = XCBuildConfiguration;
			buildSettings = {
				ALWAYS_EMBED_SWIFT_STANDARD_LIBRARIES = YES;
				BUNDLE_LOADER = "$(TEST_HOST)";
				CODE_SIGN_STYLE = Automatic;
				CURRENT_PROJECT_VERSION = 1;
				GENERATE_INFOPLIST_FILE = YES;
				IPHONEOS_DEPLOYMENT_TARGET = 15.2;
				MARKETING_VERSION = 1.0;
				PRODUCT_BUNDLE_IDENTIFIER = UITestSampleIdentifier.SearchCityTests;
				PRODUCT_NAME = "$(TARGET_NAME)";
				SWIFT_EMIT_LOC_STRINGS = NO;
				SWIFT_VERSION = 5.0;
				TARGETED_DEVICE_FAMILY = "1,2";
				TEST_HOST = "$(BUILT_PRODUCTS_DIR)/SearchCity.app/SearchCity";
			};
			name = Debug;
		};
		B906643C2844D213007B04A1 /* Release */ = {
			isa = XCBuildConfiguration;
			buildSettings = {
				ALWAYS_EMBED_SWIFT_STANDARD_LIBRARIES = YES;
				BUNDLE_LOADER = "$(TEST_HOST)";
				CODE_SIGN_STYLE = Automatic;
				CURRENT_PROJECT_VERSION = 1;
				GENERATE_INFOPLIST_FILE = YES;
				IPHONEOS_DEPLOYMENT_TARGET = 15.2;
				MARKETING_VERSION = 1.0;
				PRODUCT_BUNDLE_IDENTIFIER = UITestSampleIdentifier.SearchCityTests;
				PRODUCT_NAME = "$(TARGET_NAME)";
				SWIFT_EMIT_LOC_STRINGS = NO;
				SWIFT_VERSION = 5.0;
				TARGETED_DEVICE_FAMILY = "1,2";
				TEST_HOST = "$(BUILT_PRODUCTS_DIR)/SearchCity.app/SearchCity";
			};
			name = Release;
		};
		B906643E2844D213007B04A1 /* Debug */ = {
			isa = XCBuildConfiguration;
			buildSettings = {
				ALWAYS_EMBED_SWIFT_STANDARD_LIBRARIES = YES;
				CODE_SIGN_STYLE = Automatic;
				CURRENT_PROJECT_VERSION = 1;
				GENERATE_INFOPLIST_FILE = YES;
				MARKETING_VERSION = 1.0;
				PRODUCT_BUNDLE_IDENTIFIER = UITestSampleIdentifier.SearchCityUITests;
				PRODUCT_NAME = "$(TARGET_NAME)";
				SWIFT_EMIT_LOC_STRINGS = NO;
				SWIFT_VERSION = 5.0;
				TARGETED_DEVICE_FAMILY = "1,2";
				TEST_TARGET_NAME = SearchCity;
			};
			name = Debug;
		};
		B906643F2844D213007B04A1 /* Release */ = {
			isa = XCBuildConfiguration;
			buildSettings = {
				ALWAYS_EMBED_SWIFT_STANDARD_LIBRARIES = YES;
				CODE_SIGN_STYLE = Automatic;
				CURRENT_PROJECT_VERSION = 1;
				GENERATE_INFOPLIST_FILE = YES;
				MARKETING_VERSION = 1.0;
				PRODUCT_BUNDLE_IDENTIFIER = UITestSampleIdentifier.SearchCityUITests;
				PRODUCT_NAME = "$(TARGET_NAME)";
				SWIFT_EMIT_LOC_STRINGS = NO;
				SWIFT_VERSION = 5.0;
				TARGETED_DEVICE_FAMILY = "1,2";
				TEST_TARGET_NAME = SearchCity;
			};
			name = Release;
		};
/* End XCBuildConfiguration section */

/* Begin XCConfigurationList section */
		B90664082844D211007B04A1 /* Build configuration list for PBXProject "SearchCity" */ = {
			isa = XCConfigurationList;
			buildConfigurations = (
				B90664352844D213007B04A1 /* Debug */,
				B90664362844D213007B04A1 /* Release */,
			);
			defaultConfigurationIsVisible = 0;
			defaultConfigurationName = Release;
		};
		B90664372844D213007B04A1 /* Build configuration list for PBXNativeTarget "SearchCity" */ = {
			isa = XCConfigurationList;
			buildConfigurations = (
				B90664382844D213007B04A1 /* Debug */,
				B90664392844D213007B04A1 /* Release */,
			);
			defaultConfigurationIsVisible = 0;
			defaultConfigurationName = Release;
		};
		B906643A2844D213007B04A1 /* Build configuration list for PBXNativeTarget "SearchCityTests" */ = {
			isa = XCConfigurationList;
			buildConfigurations = (
				B906643B2844D213007B04A1 /* Debug */,
				B906643C2844D213007B04A1 /* Release */,
			);
			defaultConfigurationIsVisible = 0;
			defaultConfigurationName = Release;
		};
		B906643D2844D213007B04A1 /* Build configuration list for PBXNativeTarget "SearchCityUITests" */ = {
			isa = XCConfigurationList;
			buildConfigurations = (
				B906643E2844D213007B04A1 /* Debug */,
				B906643F2844D213007B04A1 /* Release */,
			);
			defaultConfigurationIsVisible = 0;
			defaultConfigurationName = Release;
		};
/* End XCConfigurationList section */
	};
	rootObject = B90664052844D211007B04A1 /* Project object */;
}
